
Microsoft Visual Studio Solution File, Format Version 12.00
# Visual Studio Version 16
VisualStudioVersion = 16.0.31004.24
MinimumVisualStudioVersion = 10.0.40219.1
Project("{9A19103F-16F7-4668-BE54-9A1E7A4F7556}") = "libWithInstaller", "libWithInstaller\libWithInstaller.csproj", "{7D639122-473C-476B-B723-C50B3BE0A262}"
EndProject
Project("{9A19103F-16F7-4668-BE54-9A1E7A4F7556}") = "installer", "installer\installer.csproj", "{B36FCC36-C9D2-45FA-A9E0-027D08A1305F}"
EndProject
Global
	GlobalSection(SolutionConfigurationPlatforms) = preSolution
		Debug|Any CPU = Debug|Any CPU
		Release|Any CPU = Release|Any CPU
	EndGlobalSection
	GlobalSection(ProjectConfigurationPlatforms) = postSolution
		{7D639122-473C-476B-B723-C50B3BE0A262}.Debug|Any CPU.ActiveCfg = Debug|Any CPU
		{7D639122-473C-476B-B723-C50B3BE0A262}.Debug|Any CPU.Build.0 = Debug|Any CPU
		{7D639122-473C-476B-B723-C50B3BE0A262}.Release|Any CPU.ActiveCfg = Release|Any CPU
		{7D639122-473C-476B-B723-C50B3BE0A262}.Release|Any CPU.Build.0 = Release|Any CPU
		{B36FCC36-C9D2-45FA-A9E0-027D08A1305F}.Debug|Any CPU.ActiveCfg = Debug|Any CPU
		{B36FCC36-C9D2-45FA-A9E0-027D08A1305F}.Debug|Any CPU.Build.0 = Debug|Any CPU
		{B36FCC36-C9D2-45FA-A9E0-027D08A1305F}.Release|Any CPU.ActiveCfg = Release|Any CPU
		{B36FCC36-C9D2-45FA-A9E0-027D08A1305F}.Release|Any CPU.Build.0 = Release|Any CPU
	EndGlobalSection
	GlobalSection(SolutionProperties) = preSolution
		HideSolutionNode = FALSE
	EndGlobalSection
	GlobalSection(ExtensibilityGlobals) = postSolution
		SolutionGuid = {3E16D340-82C3-4F1C-984D-BBF9C667248E}
	EndGlobalSection
EndGlobal
